
Microsoft Visual Studio Solution File, Format Version 12.00
# Visual Studio 2015
Project("{FAE04EC0-301F-11D3-BF4B-00C04F79EFBC}") = "BlendIntheFuture.CSharp", "BlendIntheFuture.CSharp.csproj", "{FFE2F171-0043-5F05-353E-56D58CB8EF6C}"
EndProject
Global
	GlobalSection(SolutionConfigurationPlatforms) = preSolution
		Debug|Any CPU = Debug|Any CPU
		Release|Any CPU = Release|Any CPU
	EndGlobalSection
	GlobalSection(ProjectConfigurationPlatforms) = postSolution
		{FFE2F171-0043-5F05-353E-56D58CB8EF6C}.Debug|Any CPU.ActiveCfg = Debug|Any CPU
		{FFE2F171-0043-5F05-353E-56D58CB8EF6C}.Debug|Any CPU.Build.0 = Debug|Any CPU
		{FFE2F171-0043-5F05-353E-56D58CB8EF6C}.Release|Any CPU.ActiveCfg = Release|Any CPU
		{FFE2F171-0043-5F05-353E-56D58CB8EF6C}.Release|Any CPU.Build.0 = Release|Any CPU
	EndGlobalSection
	GlobalSection(SolutionProperties) = preSolution
		HideSolutionNode = FALSE
	EndGlobalSection
EndGlobal
